lockfileVersion: '9.0'

settings:
  autoInstallPeers: true
  excludeLinksFromLockfile: false

importers:

  .:
    dependencies:
      preact:
        specifier: ^10.23.2
        version: 10.24.1
    devDependencies:
      '@rsbuild/core':
        specifier: ^1.0.1
        version: 1.0.7
      '@rsbuild/plugin-preact':
        specifier: ^1.0.1
        version: 1.0.1(@rsbuild/core@1.0.7)
      typescript:
        specifier: ^5.5.2
        version: 5.5.4

packages:

  '@module-federation/runtime-tools@0.5.1':
    resolution: {integrity: sha512-nfBedkoZ3/SWyO0hnmaxuz0R0iGPSikHZOAZ0N/dVSQaIzlffUo35B5nlC2wgWIc0JdMZfkwkjZRrnuuDIJbzg==}

  '@module-federation/runtime@0.5.1':
    resolution: {integrity: sha512-xgiMUWwGLWDrvZc9JibuEbXIbhXg6z2oUkemogSvQ4LKvrl/n0kbqP1Blk669mXzyWbqtSp6PpvNdwaE1aN5xQ==}

  '@module-federation/sdk@0.5.1':
    resolution: {integrity: sha512-exvchtjNURJJkpqjQ3/opdbfeT2wPKvrbnGnyRkrwW5o3FH1LaST1tkiNviT6OXTexGaVc2DahbdniQHVtQ7pA==}

  '@module-federation/webpack-bundler-runtime@0.5.1':
    resolution: {integrity: sha512-mMhRFH0k2VjwHt3Jol9JkUsmI/4XlrAoBG3E0o7HoyoPYv1UFOWyqAflfANcUPgbYpvqmyLzDcO+3IT36LXnrA==}

  '@rsbuild/core@1.0.7':
    resolution: {integrity: sha512-NqPAtKnPGdvKituKehTzUd8bnzVsdAs6vLY82OwymkmMlW9zcFYfeVYAfSUS3uTv7vDIFQwff0PHgYYV3ufpwQ==}
    engines: {node: '>=16.7.0'}
    hasBin: true

  '@rsbuild/plugin-preact@1.0.1':
    resolution: {integrity: sha512-RjzHA5e/XrWj2d1m7A59Co/Rkmh+TD9BCV5Rqcjlob7yfif6iblZnDVJcG5tlUF1uXgecME5NgHwHPj1did/sg==}
    peerDependencies:
      '@rsbuild/core': 1.x || ^1.0.1-rc.0

  '@rspack/binding-darwin-arm64@1.0.7':
    resolution: {integrity: sha512-VnkgTM2OJzWTJxiWxLeUpRGumDp0XAsjU9/DL1PBjw1W+1exyGc2QST8q+mxsgDPDl9u1rjJa6UN4oboBbl47Q==}
    cpu: [arm64]
    os: [darwin]

  '@rspack/binding-darwin-x64@1.0.7':
    resolution: {integrity: sha512-43v660eofqzRVtTVddl28K5550E1gCeWIc8WRUAxJoL4QTzoo8M3iGnU8CquKG6phat5Iug8mJ0OIUfqHGK8YQ==}
    cpu: [x64]
    os: [darwin]

  '@rspack/binding-linux-arm64-gnu@1.0.7':
    resolution: {integrity: sha512-FHS1cU5MzXijVKQ7xW2Rpp0wvtN0BQYbouT3Yx6DNrdtE3P4i/XHnol8zdHkpHeSCOP/p0bnyO+Q/BbXXr4XSw==}
    cpu: [arm64]
    os: [linux]
    libc: [glibc]

  '@rspack/binding-linux-arm64-musl@1.0.7':
    resolution: {integrity: sha512-WT+h3fpEWY+60UqiTcwTq6jq6NFhZdZW+Onb3QHQ9F9myWOemM5z5GF8rxWKTn6PHOMz01o/cF4ikMQRfC/sEA==}
    cpu: [arm64]
    os: [linux]
    libc: [musl]

  '@rspack/binding-linux-x64-gnu@1.0.7':
    resolution: {integrity: sha512-l2ORrXY+dG7n/yog5tGwk3NZLLWh/jz88+74IQkVBX1wRViJt1cJZE9wDqoCLhT6dgCreIUZ1s5UghuAR6ymYQ==}
    cpu: [x64]
    os: [linux]
    libc: [glibc]

  '@rspack/binding-linux-x64-musl@1.0.7':
    resolution: {integrity: sha512-k1qtanXpQiGk/h2UfVDxLqzkS/LHj5i4AlMTV6q/CIBUjTOrwO4yFWCCC8JLw4vK6rT/YK/Ib4nwy1XRyVY+dQ==}
    cpu: [x64]
    os: [linux]
    libc: [musl]

  '@rspack/binding-win32-arm64-msvc@1.0.7':
    resolution: {integrity: sha512-WqdaSOo6uGy1c4AkmvcJTtjJT9F7/c5dNTUCTXWAFzh9V1k1X5tpPCxFFB/PpWov59esywkV2ZRIgDypBf3PLg==}
    cpu: [arm64]
    os: [win32]

  '@rspack/binding-win32-ia32-msvc@1.0.7':
    resolution: {integrity: sha512-H9/U63KyIVlmmb34pRsX45Q0sdSqST22+za67dwEZicx5DjswGHQlkcdWZPmvsquACUG/ZyJf+tOzR3tm/sE5Q==}
    cpu: [ia32]
    os: [win32]

  '@rspack/binding-win32-x64-msvc@1.0.7':
    resolution: {integrity: sha512-T6E00hKhgfXLkWmkmzyxYl/jKWot0PE2U4/ciGlBVQtDyjc50WPWnRREyPAEv7ozgAqou+ugd5KN+O6SFz4NbQ==}
    cpu: [x64]
    os: [win32]

  '@rspack/binding@1.0.7':
    resolution: {integrity: sha512-lSjxstfgtesIj1A0pk1W99iTIyDyfv/HXveyV3x+C+62pv0i0jj9tJUDmFM1gGwitKzm1LV9DgW/sOuzz3NtNw==}

  '@rspack/core@1.0.7':
    resolution: {integrity: sha512-L3O0GDKasMmLtDkZrbfJI8OFJ5hmlLannoJ2hDR3LMq8tC/q0jIXTL7YIo7rStsudecCkcD7CH/Smm00itZSzg==}
    engines: {node: '>=16.0.0'}
    peerDependencies:
      '@swc/helpers': '>=0.5.1'
    peerDependenciesMeta:
      '@swc/helpers':
        optional: true

  '@rspack/lite-tapable@1.0.0':
    resolution: {integrity: sha512-7MZf4lburSUZoEenwazwUDKHhqyfnLCGnQ/tKcUtztfmVzfjZfRn/EaiT0AKkYGnL2U8AGsw89oUeVyvaOLVCw==}
    engines: {node: '>=16.0.0'}

  '@rspack/lite-tapable@1.0.1':
    resolution: {integrity: sha512-VynGOEsVw2s8TAlLf/uESfrgfrq2+rcXB1muPJYBWbsm1Oa6r5qVQhjA5ggM6z/coYPrsVMgovl3Ff7Q7OCp1w==}
    engines: {node: '>=16.0.0'}

  '@swc/helpers@0.5.13':
    resolution: {integrity: sha512-UoKGxQ3r5kYI9dALKJapMmuK+1zWM/H17Z1+iwnNmzcJRnfFuevZs375TA5rW31pu4BS4NoSy1fRsexDXfWn5w==}

  caniuse-lite@1.0.30001664:
    resolution: {integrity: sha512-AmE7k4dXiNKQipgn7a2xg558IRqPN3jMQY/rOsbxDhrd0tyChwbITBfiwtnqz8bi2M5mIWbxAYBvk7W7QBUS2g==}

  core-js@3.38.1:
    resolution: {integrity: sha512-OP35aUorbU3Zvlx7pjsFdu1rGNnD4pgw/CWoYzRY3t2EzoVT7shKHY1dlAy3f41cGIO7ZDPQimhGFTlEYkG/Hw==}

  fsevents@2.3.3:
    resolution: {integrity: sha512-5xoDfX+fL7faATnagmWPpbFtwh/R77WmMMqqHGS65C3vvB0YHrgF+B1YmZ3441tMj5n63k0212XNoJwzlhffQw==}
    engines: {node: ^8.16.0 || ^10.6.0 || >=11.0.0}
    os: [darwin]

  preact@10.24.1:
    resolution: {integrity: sha512-PnBAwFI3Yjxxcxw75n6VId/5TFxNW/81zexzWD9jn1+eSrOP84NdsS38H5IkF/UH3frqRPT+MvuCoVHjTDTnDw==}

  tslib@2.7.0:
    resolution: {integrity: sha512-gLXCKdN1/j47AiHiOkJN69hJmcbGTHI0ImLmbYLHykhgeN0jVGola9yVjFgzCUklsZQMW55o+dW7IXv3RCXDzA==}

  typescript@5.5.4:
    resolution: {integrity: sha512-Mtq29sKDAEYP7aljRgtPOpTvOfbwRWlS6dPRzwjdE+C0R4brX/GUyhHSecbHMFLNBLcJIPt9nl9yG5TZ1weH+Q==}
    engines: {node: '>=14.17'}
    hasBin: true

snapshots:

  '@module-federation/runtime-tools@0.5.1':
    dependencies:
      '@module-federation/runtime': 0.5.1
      '@module-federation/webpack-bundler-runtime': 0.5.1

  '@module-federation/runtime@0.5.1':
    dependencies:
      '@module-federation/sdk': 0.5.1

  '@module-federation/sdk@0.5.1': {}

  '@module-federation/webpack-bundler-runtime@0.5.1':
    dependencies:
      '@module-federation/runtime': 0.5.1
      '@module-federation/sdk': 0.5.1

  '@rsbuild/core@1.0.7':
    dependencies:
      '@rspack/core': 1.0.7(@swc/helpers@0.5.13)
      '@rspack/lite-tapable': 1.0.1
      '@swc/helpers': 0.5.13
      caniuse-lite: 1.0.30001664
      core-js: 3.38.1
    optionalDependencies:
      fsevents: 2.3.3

  '@rsbuild/plugin-preact@1.0.1(@rsbuild/core@1.0.7)':
    dependencies:
      '@rsbuild/core': 1.0.7

  '@rspack/binding-darwin-arm64@1.0.7':
    optional: true

  '@rspack/binding-darwin-x64@1.0.7':
    optional: true

  '@rspack/binding-linux-arm64-gnu@1.0.7':
    optional: true

  '@rspack/binding-linux-arm64-musl@1.0.7':
    optional: true

  '@rspack/binding-linux-x64-gnu@1.0.7':
    optional: true

  '@rspack/binding-linux-x64-musl@1.0.7':
    optional: true

  '@rspack/binding-win32-arm64-msvc@1.0.7':
    optional: true

  '@rspack/binding-win32-ia32-msvc@1.0.7':
    optional: true

  '@rspack/binding-win32-x64-msvc@1.0.7':
    optional: true

  '@rspack/binding@1.0.7':
    optionalDependencies:
      '@rspack/binding-darwin-arm64': 1.0.7
      '@rspack/binding-darwin-x64': 1.0.7
      '@rspack/binding-linux-arm64-gnu': 1.0.7
      '@rspack/binding-linux-arm64-musl': 1.0.7
      '@rspack/binding-linux-x64-gnu': 1.0.7
      '@rspack/binding-linux-x64-musl': 1.0.7
      '@rspack/binding-win32-arm64-msvc': 1.0.7
      '@rspack/binding-win32-ia32-msvc': 1.0.7
      '@rspack/binding-win32-x64-msvc': 1.0.7

  '@rspack/core@1.0.7(@swc/helpers@0.5.13)':
    dependencies:
      '@module-federation/runtime-tools': 0.5.1
      '@rspack/binding': 1.0.7
      '@rspack/lite-tapable': 1.0.0
      caniuse-lite: 1.0.30001664
    optionalDependencies:
      '@swc/helpers': 0.5.13

  '@rspack/lite-tapable@1.0.0': {}

  '@rspack/lite-tapable@1.0.1': {}

  '@swc/helpers@0.5.13':
    dependencies:
      tslib: 2.7.0

  caniuse-lite@1.0.30001664: {}

  core-js@3.38.1: {}

  fsevents@2.3.3:
    optional: true

  preact@10.24.1: {}

  tslib@2.7.0: {}

  typescript@5.5.4: {}
